
Microsoft Visual Studio Solution File, Format Version 12.00
# Visual Studio Version 17
VisualStudioVersion = 17.14.36616.10
MinimumVisualStudioVersion = 10.0.40219.1
Project("{2150E333-8FDC-42A3-9474-1A3956D46DE8}") = "M002", "M002", "{02EA681E-C7D8-13C7-8484-4AC65E1B71E8}"
EndProject
Project("{FAE04EC0-301F-11D3-BF4B-00C04F79EFBC}") = "Rechner", "Rechner\Rechner.csproj", "{74032CB8-9F7F-493B-81A0-728EFA53383E}"
EndProject
Project("{FAE04EC0-301F-11D3-BF4B-00C04F79EFBC}") = "Rechner_MSTest", "Rechner_MSTest\Rechner_MSTest.csproj", "{8F80676F-11BC-46EA-AC7B-3838C175AFA8}"
EndProject
Project("{FAE04EC0-301F-11D3-BF4B-00C04F79EFBC}") = "Rechner_xUnit", "Rechner_xUnit\Rechner_xUnit.csproj", "{F5905ED8-A661-434C-AFDF-A84438EE502D}"
EndProject
Project("{2150E333-8FDC-42A3-9474-1A3956D46DE8}") = "M003", "M003", "{2C4CFAAD-0D16-4935-AE09-205CA8908AC9}"
EndProject
Project("{FAE04EC0-301F-11D3-BF4B-00C04F79EFBC}") = "BankAccount_Tests", "BankAccount_Tests\BankAccount_Tests.csproj", "{E2EF9C93-9913-43D5-828E-BD6A9B3D60FD}"
EndProject
Project("{FAE04EC0-301F-11D3-BF4B-00C04F79EFBC}") = "BankAccount", "BankAccount\BankAccount.csproj", "{25F08A21-7694-42C6-9580-4F0B28920673}"
EndProject
Project("{2150E333-8FDC-42A3-9474-1A3956D46DE8}") = "M004", "M004", "{E5687686-2981-4A13-BA37-1A2491685BDA}"
EndProject
Project("{FAE04EC0-301F-11D3-BF4B-00C04F79EFBC}") = "M004_AccountTests", "M004_AccountTests\M004_AccountTests.csproj", "{647C0A60-F9D5-424B-8163-C3F73D2A5A69}"
EndProject
Project("{FAE04EC0-301F-11D3-BF4B-00C04F79EFBC}") = "M004_Account", "M004_Account\M004_Account.csproj", "{E3A3062B-07EE-45AA-A359-9FED290EF163}"
EndProject
Project("{2150E333-8FDC-42A3-9474-1A3956D46DE8}") = "M005", "M005", "{BE919768-A867-48BF-AFE6-60DC2DD0C6B4}"
EndProject
Project("{FAE04EC0-301F-11D3-BF4B-00C04F79EFBC}") = "M005_CodeCoverage", "M005_CodeCoverage\M005_CodeCoverage.csproj", "{02C7258C-B47F-4396-841F-F49C1FE88242}"
EndProject
Project("{FAE04EC0-301F-11D3-BF4B-00C04F79EFBC}") = "M005_CodeCoverageTests", "M005_CodeCoverageTests\M005_CodeCoverageTests.csproj", "{C6C5F548-509E-4AB6-96A1-DB448E321BF9}"
EndProject
Project("{2150E333-8FDC-42A3-9474-1A3956D46DE8}") = "M006", "M006", "{010B14CC-8F54-439B-8611-C464034E5348}"
EndProject
Project("{FAE04EC0-301F-11D3-BF4B-00C04F79EFBC}") = "M006_Benchmarks", "M006_Benchmarks\M006_Benchmarks.csproj", "{E7D0BC32-7006-47E3-B158-A1C468F8CD6A}"
EndProject
Global
	GlobalSection(SolutionConfigurationPlatforms) = preSolution
		Debug|Any CPU = Debug|Any CPU
		Release|Any CPU = Release|Any CPU
	EndGlobalSection
	GlobalSection(ProjectConfigurationPlatforms) = postSolution
		{74032CB8-9F7F-493B-81A0-728EFA53383E}.Debug|Any CPU.ActiveCfg = Debug|Any CPU
		{74032CB8-9F7F-493B-81A0-728EFA53383E}.Debug|Any CPU.Build.0 = Debug|Any CPU
		{74032CB8-9F7F-493B-81A0-728EFA53383E}.Release|Any CPU.ActiveCfg = Release|Any CPU
		{74032CB8-9F7F-493B-81A0-728EFA53383E}.Release|Any CPU.Build.0 = Release|Any CPU
		{8F80676F-11BC-46EA-AC7B-3838C175AFA8}.Debug|Any CPU.ActiveCfg = Debug|Any CPU
		{8F80676F-11BC-46EA-AC7B-3838C175AFA8}.Debug|Any CPU.Build.0 = Debug|Any CPU
		{8F80676F-11BC-46EA-AC7B-3838C175AFA8}.Release|Any CPU.ActiveCfg = Release|Any CPU
		{8F80676F-11BC-46EA-AC7B-3838C175AFA8}.Release|Any CPU.Build.0 = Release|Any CPU
		{F5905ED8-A661-434C-AFDF-A84438EE502D}.Debug|Any CPU.ActiveCfg = Debug|Any CPU
		{F5905ED8-A661-434C-AFDF-A84438EE502D}.Debug|Any CPU.Build.0 = Debug|Any CPU
		{F5905ED8-A661-434C-AFDF-A84438EE502D}.Release|Any CPU.ActiveCfg = Release|Any CPU
		{F5905ED8-A661-434C-AFDF-A84438EE502D}.Release|Any CPU.Build.0 = Release|Any CPU
		{E2EF9C93-9913-43D5-828E-BD6A9B3D60FD}.Debug|Any CPU.ActiveCfg = Debug|Any CPU
		{E2EF9C93-9913-43D5-828E-BD6A9B3D60FD}.Debug|Any CPU.Build.0 = Debug|Any CPU
		{E2EF9C93-9913-43D5-828E-BD6A9B3D60FD}.Release|Any CPU.ActiveCfg = Release|Any CPU
		{E2EF9C93-9913-43D5-828E-BD6A9B3D60FD}.Release|Any CPU.Build.0 = Release|Any CPU
		{25F08A21-7694-42C6-9580-4F0B28920673}.Debug|Any CPU.ActiveCfg = Debug|Any CPU
		{25F08A21-7694-42C6-9580-4F0B28920673}.Debug|Any CPU.Build.0 = Debug|Any CPU
		{25F08A21-7694-42C6-9580-4F0B28920673}.Release|Any CPU.ActiveCfg = Release|Any CPU
		{25F08A21-7694-42C6-9580-4F0B28920673}.Release|Any CPU.Build.0 = Release|Any CPU
		{647C0A60-F9D5-424B-8163-C3F73D2A5A69}.Debug|Any CPU.ActiveCfg = Debug|Any CPU
		{647C0A60-F9D5-424B-8163-C3F73D2A5A69}.Debug|Any CPU.Build.0 = Debug|Any CPU
		{647C0A60-F9D5-424B-8163-C3F73D2A5A69}.Release|Any CPU.ActiveCfg = Release|Any CPU
		{647C0A60-F9D5-424B-8163-C3F73D2A5A69}.Release|Any CPU.Build.0 = Release|Any CPU
		{E3A3062B-07EE-45AA-A359-9FED290EF163}.Debug|Any CPU.ActiveCfg = Debug|Any CPU
		{E3A3062B-07EE-45AA-A359-9FED290EF163}.Debug|Any CPU.Build.0 = Debug|Any CPU
		{E3A3062B-07EE-45AA-A359-9FED290EF163}.Release|Any CPU.ActiveCfg = Release|Any CPU
		{E3A3062B-07EE-45AA-A359-9FED290EF163}.Release|Any CPU.Build.0 = Release|Any CPU
		{02C7258C-B47F-4396-841F-F49C1FE88242}.Debug|Any CPU.ActiveCfg = Debug|Any CPU
		{02C7258C-B47F-4396-841F-F49C1FE88242}.Debug|Any CPU.Build.0 = Debug|Any CPU
		{02C7258C-B47F-4396-841F-F49C1FE88242}.Release|Any CPU.ActiveCfg = Release|Any CPU
		{02C7258C-B47F-4396-841F-F49C1FE88242}.Release|Any CPU.Build.0 = Release|Any CPU
		{C6C5F548-509E-4AB6-96A1-DB448E321BF9}.Debug|Any CPU.ActiveCfg = Debug|Any CPU
		{C6C5F548-509E-4AB6-96A1-DB448E321BF9}.Debug|Any CPU.Build.0 = Debug|Any CPU
		{C6C5F548-509E-4AB6-96A1-DB448E321BF9}.Release|Any CPU.ActiveCfg = Release|Any CPU
		{C6C5F548-509E-4AB6-96A1-DB448E321BF9}.Release|Any CPU.Build.0 = Release|Any CPU
		{E7D0BC32-7006-47E3-B158-A1C468F8CD6A}.Debug|Any CPU.ActiveCfg = Debug|Any CPU
		{E7D0BC32-7006-47E3-B158-A1C468F8CD6A}.Debug|Any CPU.Build.0 = Debug|Any CPU
		{E7D0BC32-7006-47E3-B158-A1C468F8CD6A}.Release|Any CPU.ActiveCfg = Release|Any CPU
		{E7D0BC32-7006-47E3-B158-A1C468F8CD6A}.Release|Any CPU.Build.0 = Release|Any CPU
	EndGlobalSection
	GlobalSection(SolutionProperties) = preSolution
		HideSolutionNode = FALSE
	EndGlobalSection
	GlobalSection(NestedProjects) = preSolution
		{74032CB8-9F7F-493B-81A0-728EFA53383E} = {02EA681E-C7D8-13C7-8484-4AC65E1B71E8}
		{8F80676F-11BC-46EA-AC7B-3838C175AFA8} = {02EA681E-C7D8-13C7-8484-4AC65E1B71E8}
		{F5905ED8-A661-434C-AFDF-A84438EE502D} = {02EA681E-C7D8-13C7-8484-4AC65E1B71E8}
		{E2EF9C93-9913-43D5-828E-BD6A9B3D60FD} = {2C4CFAAD-0D16-4935-AE09-205CA8908AC9}
		{25F08A21-7694-42C6-9580-4F0B28920673} = {2C4CFAAD-0D16-4935-AE09-205CA8908AC9}
		{647C0A60-F9D5-424B-8163-C3F73D2A5A69} = {E5687686-2981-4A13-BA37-1A2491685BDA}
		{E3A3062B-07EE-45AA-A359-9FED290EF163} = {E5687686-2981-4A13-BA37-1A2491685BDA}
		{02C7258C-B47F-4396-841F-F49C1FE88242} = {BE919768-A867-48BF-AFE6-60DC2DD0C6B4}
		{C6C5F548-509E-4AB6-96A1-DB448E321BF9} = {BE919768-A867-48BF-AFE6-60DC2DD0C6B4}
		{E7D0BC32-7006-47E3-B158-A1C468F8CD6A} = {010B14CC-8F54-439B-8611-C464034E5348}
	EndGlobalSection
	GlobalSection(ExtensibilityGlobals) = postSolution
		SolutionGuid = {E56E7607-E9E0-4BBE-89DD-5EEDF8F7B490}
	EndGlobalSection
EndGlobal
